
Microsoft Visual Studio Solution File, Format Version 12.00
# Visual Studio Version 17
VisualStudioVersion = 17.2.32210.308
MinimumVisualStudioVersion = 10.0.40219.1
Project("{FAE04EC0-301F-11D3-BF4B-00C04F79EFBC}") = "MassTransit_Saga_AzureSB", "MassTransit_Saga_AzureSB\MassTransit_Saga_AzureSB.csproj", "{256F7269-A9D8-499F-BA69-4C27449D3EBC}"
EndProject
Global
	GlobalSection(SolutionConfigurationPlatforms) = preSolution
		Debug|Any CPU = Debug|Any CPU
		Release|Any CPU = Release|Any CPU
	EndGlobalSection
	GlobalSection(ProjectConfigurationPlatforms) = postSolution
		{256F7269-A9D8-499F-BA69-4C27449D3EBC}.Debug|Any CPU.ActiveCfg = Debug|Any CPU
		{256F7269-A9D8-499F-BA69-4C27449D3EBC}.Debug|Any CPU.Build.0 = Debug|Any CPU
		{256F7269-A9D8-499F-BA69-4C27449D3EBC}.Release|Any CPU.ActiveCfg = Release|Any CPU
		{256F7269-A9D8-499F-BA69-4C27449D3EBC}.Release|Any CPU.Build.0 = Release|Any CPU
	EndGlobalSection
	GlobalSection(SolutionProperties) = preSolution
		HideSolutionNode = FALSE
	EndGlobalSection
	GlobalSection(ExtensibilityGlobals) = postSolution
		SolutionGuid = {28E9BE6F-F5F2-45FC-BB7B-58CD83CC5016}
	EndGlobalSection
EndGlobal
